
Microsoft Visual Studio Solution File, Format Version 12.00
# Visual Studio Version 17
VisualStudioVersion = 17.1.32210.238
MinimumVisualStudioVersion = 10.0.40219.1
Project("{9A19103F-16F7-4668-BE54-9A1E7A4F7556}") = "CartesianRobot3", "CartesianRobot3\CartesianRobot3.csproj", "{EEF2BBD3-D4C8-416C-A544-58650B48B1E4}"
EndProject
Project("{9A19103F-16F7-4668-BE54-9A1E7A4F7556}") = "CartesianRobot.Tests", "CartesianRobot.Tests\CartesianRobot.Tests.csproj", "{99385690-CB13-401C-9108-4A11A579244F}"
EndProject
Global
	GlobalSection(SolutionConfigurationPlatforms) = preSolution
		Debug|Any CPU = Debug|Any CPU
		Release|Any CPU = Release|Any CPU
	EndGlobalSection
	GlobalSection(ProjectConfigurationPlatforms) = postSolution
		{EEF2BBD3-D4C8-416C-A544-58650B48B1E4}.Debug|Any CPU.ActiveCfg = Debug|Any CPU
		{EEF2BBD3-D4C8-416C-A544-58650B48B1E4}.Debug|Any CPU.Build.0 = Debug|Any CPU
		{EEF2BBD3-D4C8-416C-A544-58650B48B1E4}.Release|Any CPU.ActiveCfg = Release|Any CPU
		{EEF2BBD3-D4C8-416C-A544-58650B48B1E4}.Release|Any CPU.Build.0 = Release|Any CPU
		{99385690-CB13-401C-9108-4A11A579244F}.Debug|Any CPU.ActiveCfg = Debug|Any CPU
		{99385690-CB13-401C-9108-4A11A579244F}.Debug|Any CPU.Build.0 = Debug|Any CPU
		{99385690-CB13-401C-9108-4A11A579244F}.Release|Any CPU.ActiveCfg = Release|Any CPU
		{99385690-CB13-401C-9108-4A11A579244F}.Release|Any CPU.Build.0 = Release|Any CPU
	EndGlobalSection
	GlobalSection(SolutionProperties) = preSolution
		HideSolutionNode = FALSE
	EndGlobalSection
	GlobalSection(ExtensibilityGlobals) = postSolution
		SolutionGuid = {7EA76596-1D7F-4E42-91B1-DAF932E68A6B}
	EndGlobalSection
EndGlobal
